
Microsoft Visual Studio Solution File, Format Version 12.00
# Visual Studio 14
VisualStudioVersion = 14.0.23107.0
MinimumVisualStudioVersion = 10.0.40219.1
Project("{FAE04EC0-301F-11D3-BF4B-00C04F79EFBC}") = "BusinessObject", "ProtectorLib\BussinessObject\BusinessObject.csproj", "{C11622CB-EDF9-42C1-9AA1-6B8B57F3E0EB}"
EndProject
Project("{FAE04EC0-301F-11D3-BF4B-00C04F79EFBC}") = "DataObject", "ProtectorLib\DataObject\DataObject.csproj", "{7803474B-4633-4C47-B352-BBC59B24959A}"
EndProject
Project("{FAE04EC0-301F-11D3-BF4B-00C04F79EFBC}") = "Entities", "ProtectorLib\Entities\Entities.csproj", "{69C9A27A-57A7-4D42-92CA-019C463DBA50}"
EndProject
Project("{FAE04EC0-301F-11D3-BF4B-00C04F79EFBC}") = "ODBC", "ProtectorLib\ODBC\ODBC.csproj", "{4207B985-FAF1-40C2-B93F-DE9BEB99D313}"
EndProject
Project("{E24C65DC-7377-472B-9ABA-BC803B73C61A}") = "ProtectoresWeb", "ProtectoresWeb\", "{880C0EE5-9795-4BE3-8C6C-4D92ED0D549A}"
	ProjectSection(WebsiteProperties) = preProject
		TargetFrameworkMoniker = ".NETFramework,Version%3Dv4.0"
		ProjectReferences = "{C11622CB-EDF9-42C1-9AA1-6B8B57F3E0EB}|BussinessObject.dll;{7803474B-4633-4C47-B352-BBC59B24959A}|DataObject.dll;{69C9A27A-57A7-4D42-92CA-019C463DBA50}|Entities.dll;{4207B985-FAF1-40C2-B93F-DE9BEB99D313}|ODBC.dll;"
		Debug.AspNetCompiler.VirtualPath = "/ProtectoresWeb"
		Debug.AspNetCompiler.PhysicalPath = "ProtectoresWeb\"
		Debug.AspNetCompiler.TargetPath = "PrecompiledWeb\ProtectoresWeb\"
		Debug.AspNetCompiler.Updateable = "true"
		Debug.AspNetCompiler.ForceOverwrite = "true"
		Debug.AspNetCompiler.FixedNames = "false"
		Debug.AspNetCompiler.Debug = "True"
		Release.AspNetCompiler.VirtualPath = "/ProtectoresWeb"
		Release.AspNetCompiler.PhysicalPath = "ProtectoresWeb\"
		Release.AspNetCompiler.TargetPath = "PrecompiledWeb\ProtectoresWeb\"
		Release.AspNetCompiler.Updateable = "true"
		Release.AspNetCompiler.ForceOverwrite = "true"
		Release.AspNetCompiler.FixedNames = "false"
		Release.AspNetCompiler.Debug = "False"
		VWDPort = "1044"
		DefaultWebSiteLanguage = "Visual C#"
	EndProjectSection
EndProject
Global
	GlobalSection(SolutionConfigurationPlatforms) = preSolution
		Debug|Any CPU = Debug|Any CPU
		Release|Any CPU = Release|Any CPU
	EndGlobalSection
	GlobalSection(ProjectConfigurationPlatforms) = postSolution
		{C11622CB-EDF9-42C1-9AA1-6B8B57F3E0EB}.Debug|Any CPU.ActiveCfg = Debug|Any CPU
		{C11622CB-EDF9-42C1-9AA1-6B8B57F3E0EB}.Debug|Any CPU.Build.0 = Debug|Any CPU
		{C11622CB-EDF9-42C1-9AA1-6B8B57F3E0EB}.Release|Any CPU.ActiveCfg = Release|Any CPU
		{C11622CB-EDF9-42C1-9AA1-6B8B57F3E0EB}.Release|Any CPU.Build.0 = Release|Any CPU
		{7803474B-4633-4C47-B352-BBC59B24959A}.Debug|Any CPU.ActiveCfg = Debug|Any CPU
		{7803474B-4633-4C47-B352-BBC59B24959A}.Debug|Any CPU.Build.0 = Debug|Any CPU
		{7803474B-4633-4C47-B352-BBC59B24959A}.Release|Any CPU.ActiveCfg = Release|Any CPU
		{7803474B-4633-4C47-B352-BBC59B24959A}.Release|Any CPU.Build.0 = Release|Any CPU
		{69C9A27A-57A7-4D42-92CA-019C463DBA50}.Debug|Any CPU.ActiveCfg = Debug|Any CPU
		{69C9A27A-57A7-4D42-92CA-019C463DBA50}.Debug|Any CPU.Build.0 = Debug|Any CPU
		{69C9A27A-57A7-4D42-92CA-019C463DBA50}.Release|Any CPU.ActiveCfg = Release|Any CPU
		{69C9A27A-57A7-4D42-92CA-019C463DBA50}.Release|Any CPU.Build.0 = Release|Any CPU
		{4207B985-FAF1-40C2-B93F-DE9BEB99D313}.Debug|Any CPU.ActiveCfg = Debug|Any CPU
		{4207B985-FAF1-40C2-B93F-DE9BEB99D313}.Debug|Any CPU.Build.0 = Debug|Any CPU
		{4207B985-FAF1-40C2-B93F-DE9BEB99D313}.Release|Any CPU.ActiveCfg = Release|Any CPU
		{4207B985-FAF1-40C2-B93F-DE9BEB99D313}.Release|Any CPU.Build.0 = Release|Any CPU
		{880C0EE5-9795-4BE3-8C6C-4D92ED0D549A}.Debug|Any CPU.ActiveCfg = Debug|Any CPU
		{880C0EE5-9795-4BE3-8C6C-4D92ED0D549A}.Debug|Any CPU.Build.0 = Debug|Any CPU
		{880C0EE5-9795-4BE3-8C6C-4D92ED0D549A}.Release|Any CPU.ActiveCfg = Debug|Any CPU
		{880C0EE5-9795-4BE3-8C6C-4D92ED0D549A}.Release|Any CPU.Build.0 = Debug|Any CPU
	EndGlobalSection
	GlobalSection(SolutionProperties) = preSolution
		HideSolutionNode = FALSE
	EndGlobalSection
EndGlobal
